
Microsoft Visual Studio Solution File, Format Version 12.00
# Visual Studio 2015
Project("{FAE04EC0-301F-11D3-BF4B-00C04F79EFBC}") = "L2_Red2.CSharp", "L2_Red2.CSharp.csproj", "{B2F2496A-611A-9C0E-90CD-7792E4F747FB}"
EndProject
Project("{FAE04EC0-301F-11D3-BF4B-00C04F79EFBC}") = "L2_Red2.CSharp.Editor", "L2_Red2.CSharp.Editor.csproj", "{E282EECE-F790-68CF-C6E8-941D629AFB83}"
EndProject
Global
	GlobalSection(SolutionConfigurationPlatforms) = preSolution
		Debug|Any CPU = Debug|Any CPU
		Release|Any CPU = Release|Any CPU
	EndGlobalSection
	GlobalSection(ProjectConfigurationPlatforms) = postSolution
		{B2F2496A-611A-9C0E-90CD-7792E4F747FB}.Debug|Any CPU.ActiveCfg = Debug|Any CPU
		{B2F2496A-611A-9C0E-90CD-7792E4F747FB}.Debug|Any CPU.Build.0 = Debug|Any CPU
		{B2F2496A-611A-9C0E-90CD-7792E4F747FB}.Release|Any CPU.ActiveCfg = Release|Any CPU
		{B2F2496A-611A-9C0E-90CD-7792E4F747FB}.Release|Any CPU.Build.0 = Release|Any CPU
		{E282EECE-F790-68CF-C6E8-941D629AFB83}.Debug|Any CPU.ActiveCfg = Debug|Any CPU
		{E282EECE-F790-68CF-C6E8-941D629AFB83}.Debug|Any CPU.Build.0 = Debug|Any CPU
		{E282EECE-F790-68CF-C6E8-941D629AFB83}.Release|Any CPU.ActiveCfg = Release|Any CPU
		{E282EECE-F790-68CF-C6E8-941D629AFB83}.Release|Any CPU.Build.0 = Release|Any CPU
	EndGlobalSection
	GlobalSection(SolutionProperties) = preSolution
		HideSolutionNode = FALSE
	EndGlobalSection
EndGlobal
