Microsoft Visual Studio Solution File, Format Version 11.00
# Visual Studio 2008

Project("{40014192-39E9-0C94-14C1-4A27CDE1F1ED}") = "L2_Red10 - Lobby", "Assembly-CSharp.csproj", "{A2C643B8-12BE-451D-AB2F-256C0F0C83C5}"
EndProject
Project("{40014192-39E9-0C94-14C1-4A27CDE1F1ED}") = "L2_Red10 - Lobby", "Assembly-CSharp-Editor.csproj", "{6960A7E1-C7D8-5323-58E5-6EA6629A9E1F}"
EndProject
Global
	GlobalSection(SolutionConfigurationPlatforms) = preSolution
		Debug|Any CPU = Debug|Any CPU
		Release|Any CPU = Release|Any CPU
	EndGlobalSection
	GlobalSection(ProjectConfigurationPlatforms) = postSolution
		{A2C643B8-12BE-451D-AB2F-256C0F0C83C5}.Debug|Any CPU.ActiveCfg = Debug|Any CPU
		{A2C643B8-12BE-451D-AB2F-256C0F0C83C5}.Debug|Any CPU.Build.0 = Debug|Any CPU
		{A2C643B8-12BE-451D-AB2F-256C0F0C83C5}.Release|Any CPU.ActiveCfg = Release|Any CPU
		{A2C643B8-12BE-451D-AB2F-256C0F0C83C5}.Release|Any CPU.Build.0 = Release|Any CPU
		{6960A7E1-C7D8-5323-58E5-6EA6629A9E1F}.Debug|Any CPU.ActiveCfg = Debug|Any CPU
		{6960A7E1-C7D8-5323-58E5-6EA6629A9E1F}.Debug|Any CPU.Build.0 = Debug|Any CPU
		{6960A7E1-C7D8-5323-58E5-6EA6629A9E1F}.Release|Any CPU.ActiveCfg = Release|Any CPU
		{6960A7E1-C7D8-5323-58E5-6EA6629A9E1F}.Release|Any CPU.Build.0 = Release|Any CPU
	EndGlobalSection
	GlobalSection(SolutionProperties) = preSolution
		HideSolutionNode = FALSE
	EndGlobalSection
	GlobalSection(MonoDevelopProperties) = preSolution
		StartupItem = Assembly-CSharp.csproj
	EndGlobalSection
EndGlobal
